
Microsoft Visual Studio Solution File, Format Version 12.00
# Visual Studio 15
VisualStudioVersion = 15.0.28010.2003
MinimumVisualStudioVersion = 10.0.40219.1
Project("{FAE04EC0-301F-11D3-BF4B-00C04F79EFBC}") = "PracConsoleOwinHost4", "Project\PracConsoleOwinHost4.csproj", "{129531B8-A16B-47B5-B79A-DC838C66A8E7}"
EndProject
Global
	GlobalSection(SolutionConfigurationPlatforms) = preSolution
		Debug|Any CPU = Debug|Any CPU
		Release|Any CPU = Release|Any CPU
	EndGlobalSection
	GlobalSection(ProjectConfigurationPlatforms) = postSolution
		{129531B8-A16B-47B5-B79A-DC838C66A8E7}.Debug|Any CPU.ActiveCfg = Debug|Any CPU
		{129531B8-A16B-47B5-B79A-DC838C66A8E7}.Debug|Any CPU.Build.0 = Debug|Any CPU
		{129531B8-A16B-47B5-B79A-DC838C66A8E7}.Release|Any CPU.ActiveCfg = Release|Any CPU
		{129531B8-A16B-47B5-B79A-DC838C66A8E7}.Release|Any CPU.Build.0 = Release|Any CPU
	EndGlobalSection
	GlobalSection(SolutionProperties) = preSolution
		HideSolutionNode = FALSE
	EndGlobalSection
	GlobalSection(ExtensibilityGlobals) = postSolution
		SolutionGuid = {ECEFFD71-453B-452C-8239-D83829387F31}
	EndGlobalSection
EndGlobal
